<Solution>
  <Folder Name="/src/" />
  <Folder Name="/src/apps/">
    <Project Path="src/apps/EnigmaVault.Desktop/EnigmaVault.Desktop.csproj" />
    <Project Path="src/apps/EnigmaVault.Web.Bff/EnigmaVault.Web.Bff.csproj" />
  </Folder>
  <Folder Name="/src/clients/">
    <Project Path="src/clients/EnigmaVault.AssetsService.Client/EnigmaVault.AssetsService.Client.csproj" />
    <Project Path="src/clients/EnigmaVault.Authentication.Client/EnigmaVault.Authentication.Client.csproj" />
    <Project Path="src/clients/EnigmaVault.FileService.Client/EnigmaVault.FileService.Client.csproj" />
    <Project Path="src/clients/EnigmaVault.SecretService.Client/EnigmaVault.SecretService.Client.csproj" />
  </Folder>
  <Folder Name="/src/services/" />
  <Folder Name="/src/services/Secret/">
    <Project Path="src/services/Secret/EnigmaVault.Secret.Api/EnigmaVault.Secret.Api.csproj" />
    <Project Path="src/services/Secret/EnigmaVault.Secret.Application/EnigmaVault.Secret.Application.csproj" />
    <Project Path="src/services/Secret/EnigmaVault.Secret.Domain/EnigmaVault.Secret.Domain.csproj" />
    <Project Path="src/services/Secret/EnigmaVault.Secret.Infrastructure/EnigmaVault.Secret.Infrastructure.csproj" />
  </Folder>
  <Folder Name="/src/shared/" />
  <Folder Name="/src/shared/contracts/">
    <Project Path="src/shared/contracts/Shared.Contracts/Shared.Contracts.csproj" />
  </Folder>
  <Folder Name="/src/shared/core/">
    <Project Path="src/shared/core/Shared.Application/Shared.Application.csproj" />
    <Project Path="src/shared/core/Shared.Kernel/Shared.Kernel.csproj" />
  </Folder>
  <Folder Name="/src/shared/infrastructure/">
    <Project Path="src/shared/infrastructure/Shared.Http/Shared.Http.csproj" />
    <Project Path="src/shared/infrastructure/Shared.Messaging/Shared.Messaging.csproj" />
    <Project Path="src/shared/infrastructure/Shared.Redis/Shared.Redis.csproj" />
  </Folder>
  <Folder Name="/src/shared/observability/">
    <Project Path="src/shared/observability/Shared.Logging/Shared.Logging.csproj" />
  </Folder>
  <Folder Name="/src/shared/web/">
    <Project Path="src/shared/web/Shared.Web/Shared.Web.csproj" />
  </Folder>
  <Folder Name="/tests/" />
  <Folder Name="/tests/integration/">
    <Project Path="tests/integration/EnigmaVault.Secret.Integration.Tests/EnigmaVault.Secret.Integration.Tests.csproj" />
  </Folder>
  <Folder Name="/tests/unit/">
    <Project Path="tests/unit/EnigmaVault.Secret.Unit.Tests/EnigmaVault.Secret.Unit.Tests.csproj" />
  </Folder>
</Solution>